%{
  "bunt": {:hex, :bunt, "0.2.0", "951c6e801e8b1d2cbe58ebbd3e616a869061ddadcc4863d0a2182541acae9a38", [:mix], [], "hexpm", "7af5c7e09fe1d40f76c8e4f9dd2be7cebd83909f31fee7cd0e9eadc567da8353"},
  "credo": {:hex, :credo, "0.9.3", "76fa3e9e497ab282e0cf64b98a624aa11da702854c52c82db1bf24e54ab7c97a", [:mix], [{:bunt, "~> 0.2.0", [hex: :bunt, repo: "hexpm", optional: false]}, {:poison, ">= 0.0.0", [hex: :poison, repo: "hexpm", optional: false]}], "hexpm", "dcd1d45626f6a02abeef3fc424eaf101b05a851d3cceb9535b8ea3e14c3c17e6"},
  "dialyxir": {:hex, :dialyxir, "0.5.1", "b331b091720fd93e878137add264bac4f644e1ddae07a70bf7062c7862c4b952", [:mix], [], "hexpm", "6c32a70ed5d452c6650916555b1f96c79af5fc4bf286997f8b15f213de786f73"},
  "earmark": {:hex, :earmark, "1.3.2", "b840562ea3d67795ffbb5bd88940b1bed0ed9fa32834915125ea7d02e35888a5", [:mix], [], "hexpm", "e3be2bc3ae67781db529b80aa7e7c49904a988596e2dbff897425b48b3581161"},
  "eqc_ex": {:git, "https://github.com/tony612/eqc_ex.git", "43759ba1fa56dec40b0346f2e23268d18f3ccda1", [branch: "fix-elixir-1-10"]},
  "ex_doc": {:hex, :ex_doc, "0.19.3", "3c7b0f02851f5fc13b040e8e925051452e41248f685e40250d7e40b07b9f8c10", [:mix], [{:earmark, "~> 1.2", [hex: :earmark, repo: "hexpm", optional: false]}, {:makeup_elixir, "~> 0.10", [hex: :makeup_elixir, repo: "hexpm", optional: false]}], "hexpm", "0e11d67e662142fc3945b0ee410c73c8c956717fbeae4ad954b418747c734973"},
  "makeup": {:hex, :makeup, "0.8.0", "9cf32aea71c7fe0a4b2e9246c2c4978f9070257e5c9ce6d4a28ec450a839b55f", [:mix], [{:nimble_parsec, "~> 0.5.0", [hex: :nimble_parsec, repo: "hexpm", optional: false]}], "hexpm", "5fbc8e549aa9afeea2847c0769e3970537ed302f93a23ac612602e805d9d1e7f"},
  "makeup_elixir": {:hex, :makeup_elixir, "0.13.0", "be7a477997dcac2e48a9d695ec730b2d22418292675c75aa2d34ba0909dcdeda", [:mix], [{:makeup, "~> 0.8", [hex: :makeup, repo: "hexpm", optional: false]}], "hexpm", "adf0218695e22caeda2820eaba703fa46c91820d53813a2223413da3ef4ba515"},
  "nimble_parsec": {:hex, :nimble_parsec, "0.5.0", "90e2eca3d0266e5c53f8fbe0079694740b9c91b6747f2b7e3c5d21966bba8300", [:mix], [], "hexpm", "5c040b8469c1ff1b10093d3186e2e10dbe483cd73d79ec017993fb3985b8a9b3"},
  "poison": {:hex, :poison, "3.1.0", "d9eb636610e096f86f25d9a46f35a9facac35609a7591b3be3326e99a0484665", [:mix], [], "hexpm", "fec8660eb7733ee4117b85f55799fd3833eb769a6df71ccf8903e8dc5447cfce"},
}
